
Microsoft Visual Studio Solution File, Format Version 12.00
# Visual Studio Version 16
VisualStudioVersion = 16.0.31129.286
MinimumVisualStudioVersion = 10.0.40219.1
Project("{FAE04EC0-301F-11D3-BF4B-00C04F79EFBC}") = "GitProba", "GitProba\GitProba.csproj", "{81A19CE8-BAD8-4B38-8567-3CBB570FC4AC}"
EndProject
Global
	GlobalSection(SolutionConfigurationPlatforms) = preSolution
		Debug|Any CPU = Debug|Any CPU
		Release|Any CPU = Release|Any CPU
	EndGlobalSection
	GlobalSection(ProjectConfigurationPlatforms) = postSolution
		{81A19CE8-BAD8-4B38-8567-3CBB570FC4AC}.Debug|Any CPU.ActiveCfg = Debug|Any CPU
		{81A19CE8-BAD8-4B38-8567-3CBB570FC4AC}.Debug|Any CPU.Build.0 = Debug|Any CPU
		{81A19CE8-BAD8-4B38-8567-3CBB570FC4AC}.Release|Any CPU.ActiveCfg = Release|Any CPU
		{81A19CE8-BAD8-4B38-8567-3CBB570FC4AC}.Release|Any CPU.Build.0 = Release|Any CPU
	EndGlobalSection
	GlobalSection(SolutionProperties) = preSolution
		HideSolutionNode = FALSE
	EndGlobalSection
	GlobalSection(ExtensibilityGlobals) = postSolution
		SolutionGuid = {D42F49F7-7820-442B-98E4-F0C8D1DEDB36}
	EndGlobalSection
EndGlobal
